{
  "requires": true,
  "lockfileVersion": 1,
  "dependencies": {
    "ts-transformer-keys": {
      "version": "0.3.3",
      "resolved": "http://registry.npm.taobao.org/ts-transformer-keys/download/ts-transformer-keys-0.3.3.tgz",
      "integrity": "sha1-S8v69TgbCEC1vcb+yq5Bz4QrKnU=",
      "dev": true
    }
  }
}
